
Microsoft Visual Studio Solution File, Format Version 12.00
# Visual Studio Version 17
VisualStudioVersion = 17.5.33414.496
MinimumVisualStudioVersion = 10.0.40219.1
Project("{8BC9CEB8-8B4A-11D0-8D11-00A0C91BC942}") = "ProblemMultiWaris", "ProblemMultiWaris\ProblemMultiWaris.vcxproj", "{61FD88B5-3259-41FF-8A14-8044109E4747}"
EndProject
Project("{8BC9CEB8-8B4A-11D0-8D11-00A0C91BC942}") = "SolveMultiWaris", "SolveMultiWaris\SolveMultiWaris.vcxproj", "{ABC72B50-41BE-48EA-BA61-F9C6431BD2A4}"
EndProject
Project("{8BC9CEB8-8B4A-11D0-8D11-00A0C91BC942}") = "Polimorpi", "Polimorpi\Polimorpi.vcxproj", "{8BD0C9F7-EB9B-45A9-8E48-3906EBCB59D2}"
EndProject
Project("{8BC9CEB8-8B4A-11D0-8D11-00A0C91BC942}") = "ProgramnoOverriding", "ProgramnoOverriding\ProgramnoOverriding.vcxproj", "{625A2337-B0BC-4958-9885-28A674B509A2}"
EndProject
Global
	GlobalSection(SolutionConfigurationPlatforms) = preSolution
		Debug|x64 = Debug|x64
		Debug|x86 = Debug|x86
		Release|x64 = Release|x64
		Release|x86 = Release|x86
	EndGlobalSection
	GlobalSection(ProjectConfigurationPlatforms) = postSolution
		{61FD88B5-3259-41FF-8A14-8044109E4747}.Debug|x64.ActiveCfg = Debug|x64
		{61FD88B5-3259-41FF-8A14-8044109E4747}.Debug|x64.Build.0 = Debug|x64
		{61FD88B5-3259-41FF-8A14-8044109E4747}.Debug|x86.ActiveCfg = Debug|Win32
		{61FD88B5-3259-41FF-8A14-8044109E4747}.Debug|x86.Build.0 = Debug|Win32
		{61FD88B5-3259-41FF-8A14-8044109E4747}.Release|x64.ActiveCfg = Release|x64
		{61FD88B5-3259-41FF-8A14-8044109E4747}.Release|x64.Build.0 = Release|x64
		{61FD88B5-3259-41FF-8A14-8044109E4747}.Release|x86.ActiveCfg = Release|Win32
		{61FD88B5-3259-41FF-8A14-8044109E4747}.Release|x86.Build.0 = Release|Win32
		{ABC72B50-41BE-48EA-BA61-F9C6431BD2A4}.Debug|x64.ActiveCfg = Debug|x64
		{ABC72B50-41BE-48EA-BA61-F9C6431BD2A4}.Debug|x64.Build.0 = Debug|x64
		{ABC72B50-41BE-48EA-BA61-F9C6431BD2A4}.Debug|x86.ActiveCfg = Debug|Win32
		{ABC72B50-41BE-48EA-BA61-F9C6431BD2A4}.Debug|x86.Build.0 = Debug|Win32
		{ABC72B50-41BE-48EA-BA61-F9C6431BD2A4}.Release|x64.ActiveCfg = Release|x64
		{ABC72B50-41BE-48EA-BA61-F9C6431BD2A4}.Release|x64.Build.0 = Release|x64
		{ABC72B50-41BE-48EA-BA61-F9C6431BD2A4}.Release|x86.ActiveCfg = Release|Win32
		{ABC72B50-41BE-48EA-BA61-F9C6431BD2A4}.Release|x86.Build.0 = Release|Win32
		{8BD0C9F7-EB9B-45A9-8E48-3906EBCB59D2}.Debug|x64.ActiveCfg = Debug|x64
		{8BD0C9F7-EB9B-45A9-8E48-3906EBCB59D2}.Debug|x64.Build.0 = Debug|x64
		{8BD0C9F7-EB9B-45A9-8E48-3906EBCB59D2}.Debug|x86.ActiveCfg = Debug|Win32
		{8BD0C9F7-EB9B-45A9-8E48-3906EBCB59D2}.Debug|x86.Build.0 = Debug|Win32
		{8BD0C9F7-EB9B-45A9-8E48-3906EBCB59D2}.Release|x64.ActiveCfg = Release|x64
		{8BD0C9F7-EB9B-45A9-8E48-3906EBCB59D2}.Release|x64.Build.0 = Release|x64
		{8BD0C9F7-EB9B-45A9-8E48-3906EBCB59D2}.Release|x86.ActiveCfg = Release|Win32
		{8BD0C9F7-EB9B-45A9-8E48-3906EBCB59D2}.Release|x86.Build.0 = Release|Win32
		{625A2337-B0BC-4958-9885-28A674B509A2}.Debug|x64.ActiveCfg = Debug|x64
		{625A2337-B0BC-4958-9885-28A674B509A2}.Debug|x64.Build.0 = Debug|x64
		{625A2337-B0BC-4958-9885-28A674B509A2}.Debug|x86.ActiveCfg = Debug|Win32
		{625A2337-B0BC-4958-9885-28A674B509A2}.Debug|x86.Build.0 = Debug|Win32
		{625A2337-B0BC-4958-9885-28A674B509A2}.Release|x64.ActiveCfg = Release|x64
		{625A2337-B0BC-4958-9885-28A674B509A2}.Release|x64.Build.0 = Release|x64
		{625A2337-B0BC-4958-9885-28A674B509A2}.Release|x86.ActiveCfg = Release|Win32
		{625A2337-B0BC-4958-9885-28A674B509A2}.Release|x86.Build.0 = Release|Win32
	EndGlobalSection
	GlobalSection(SolutionProperties) = preSolution
		HideSolutionNode = FALSE
	EndGlobalSection
	GlobalSection(ExtensibilityGlobals) = postSolution
		SolutionGuid = {8693BB53-B666-4FDE-9A71-BBE86C2A321E}
	EndGlobalSection
EndGlobal
